[[package]]
name = "click"
version = "8.1.3"
description = "Composable command line interface toolkit"
category = "main"
optional = false
python-versions = ">=3.7"

[package.dependencies]
colorama = {version = "*", markers = "platform_system == \"Windows\""}
importlib-metadata = {version = "*", markers = "python_version < \"3.8\""}

[[package]]
name = "colorama"
version = "0.4.6"
description = "Cross-platform colored terminal text."
category = "main"
optional = false
python-versions = "!=3.0.*,!=3.1.*,!=3.2.*,!=3.3.*,!=3.4.*,!=3.5.*,!=3.6.*,>=2.7"

[[package]]
name = "commonmark"
version = "0.9.1"
description = "Python parser for the CommonMark Markdown spec"
category = "main"
optional = false
python-versions = "*"

[package.extras]
test = ["flake8 (==3.7.8)", "hypothesis (==3.55.3)"]

[[package]]
name = "importlib-metadata"
version = "4.13.0"
description = "Read metadata from Python packages"
category = "main"
optional = false
python-versions = ">=3.7"

[package.dependencies]
typing-extensions = {version = ">=3.6.4", markers = "python_version < \"3.8\""}
zipp = ">=0.5"

[package.extras]
docs = ["furo", "jaraco.packaging (>=9)", "jaraco.tidelift (>=1.4)", "rst.linker (>=1.9)", "sphinx (>=3.5)"]
perf = ["ipython"]
testing = ["flake8 (<5)", "flufl.flake8", "importlib-resources (>=1.3)", "packaging", "pyfakefs", "pytest (>=6)", "pytest-black (>=0.3.7)", "pytest-checkdocs (>=2.4)", "pytest-cov", "pytest-enabler (>=1.3)", "pytest-flake8", "pytest-mypy (>=0.9.1)", "pytest-perf (>=0.9.2)"]

[[package]]
name = "nanoid"
version = "2.0.0"
description = "A tiny, secure, URL-friendly, unique string ID generator for Python"
category = "main"
optional = false
python-versions = "*"

[[package]]
name = "pyaudio"
version = "0.2.12"
description = "Cross-platform audio I/O with PortAudio"
category = "main"
optional = false
python-versions = "*"

[package.extras]
test = ["numpy"]

[[package]]
name = "Pygments"
version = "2.13.0"
description = "Pygments is a syntax highlighting package written in Python."
category = "main"
optional = false
python-versions = ">=3.6"

[package.extras]
plugins = ["importlib-metadata"]

[[package]]
name = "rich"
version = "12.6.0"
description = "Render rich text, tables, progress bars, syntax highlighting, markdown and more to the terminal"
category = "main"
optional = false
python-versions = ">=3.6.3,<4.0.0"

[package.dependencies]
commonmark = ">=0.9.0,<0.10.0"
pygments = ">=2.6.0,<3.0.0"
typing-extensions = {version = ">=4.0.0,<5.0", markers = "python_version < \"3.9\""}

[package.extras]
jupyter = ["ipywidgets (>=7.5.1,<8.0.0)"]

[[package]]
name = "textual"
version = "0.5.0"
description = "Modern Text User Interface framework"
category = "main"
optional = false
python-versions = ">=3.7,<4.0"

[package.dependencies]
importlib-metadata = ">=4.11.3,<5.0.0"
nanoid = ">=2.0.0"
rich = ">=12.6.0,<13.0.0"
typing-extensions = {version = ">=4.0.0,<5.0.0", markers = "python_version < \"3.10\""}

[package.extras]
dev = ["aiohttp (>=3.8.1)", "click (>=8.1.2)", "msgpack (>=1.0.3)"]

[[package]]
name = "typing-extensions"
version = "4.4.0"
description = "Backported and Experimental Type Hints for Python 3.7+"
category = "main"
optional = false
python-versions = ">=3.7"

[[package]]
name = "zipp"
version = "3.11.0"
description = "Backport of pathlib-compatible object wrapper for zip files"
category = "main"
optional = false
python-versions = ">=3.7"

[package.extras]
docs = ["furo", "jaraco.packaging (>=9)", "jaraco.tidelift (>=1.4)", "rst.linker (>=1.9)", "sphinx (>=3.5)"]
testing = ["flake8 (<5)", "func-timeout", "jaraco.functools", "jaraco.itertools", "more-itertools", "pytest (>=6)", "pytest-black (>=0.3.7)", "pytest-checkdocs (>=2.4)", "pytest-cov", "pytest-enabler (>=1.3)", "pytest-flake8", "pytest-mypy (>=0.9.1)"]

[metadata]
lock-version = "1.1"
python-versions = "^3.7"
content-hash = "f746b2f3959dc67138f65902019a459ace197c87928ae5efe917df863ba558c4"

[metadata.files]
click = [
    {file = "click-8.1.3-py3-none-any.whl", hash = "sha256:bb4d8133cb15a609f44e8213d9b391b0809795062913b383c62be0ee95b1db48"},
    {file = "click-8.1.3.tar.gz", hash = "sha256:7682dc8afb30297001674575ea00d1814d808d6a36af415a82bd481d37ba7b8e"},
]
colorama = [
    {file = "colorama-0.4.6-py2.py3-none-any.whl", hash = "sha256:4f1d9991f5acc0ca119f9d443620b77f9d6b33703e51011c16baf57afb285fc6"},
    {file = "colorama-0.4.6.tar.gz", hash = "sha256:08695f5cb7ed6e0531a20572697297273c47b8cae5a63ffc6d6ed5c201be6e44"},
]
commonmark = [
    {file = "commonmark-0.9.1-py2.py3-none-any.whl", hash = "sha256:da2f38c92590f83de410ba1a3cbceafbc74fee9def35f9251ba9a971d6d66fd9"},
    {file = "commonmark-0.9.1.tar.gz", hash = "sha256:452f9dc859be7f06631ddcb328b6919c67984aca654e5fefb3914d54691aed60"},
]
importlib-metadata = [
    {file = "importlib_metadata-4.13.0-py3-none-any.whl", hash = "sha256:8a8a81bcf996e74fee46f0d16bd3eaa382a7eb20fd82445c3ad11f4090334116"},
    {file = "importlib_metadata-4.13.0.tar.gz", hash = "sha256:dd0173e8f150d6815e098fd354f6414b0f079af4644ddfe90c71e2fc6174346d"},
]
nanoid = [
    {file = "nanoid-2.0.0-py3-none-any.whl", hash = "sha256:90aefa650e328cffb0893bbd4c236cfd44c48bc1f2d0b525ecc53c3187b653bb"},
    {file = "nanoid-2.0.0.tar.gz", hash = "sha256:5a80cad5e9c6e9ae3a41fa2fb34ae189f7cb420b2a5d8f82bd9d23466e4efa68"},
]
pyaudio = [
    {file = "PyAudio-0.2.12-cp310-cp310-win32.whl", hash = "sha256:71fc1688732fced907ae707d609cc3eead9fa05baf703bf08885f71a8fd9c658"},
    {file = "PyAudio-0.2.12-cp310-cp310-win_amd64.whl", hash = "sha256:ffa235c220992e417e5a462f6d73ffb1be54b683005a1c6b185139580f59e234"},
    {file = "PyAudio-0.2.12-cp311-cp311-win32.whl", hash = "sha256:5678725eb828742ea3febf381b1bd0bb94ba76c35e5e0daeab84e4c50f9f5d47"},
    {file = "PyAudio-0.2.12-cp311-cp311-win_amd64.whl", hash = "sha256:19f654bd516154a655d9569d12d2a86ab5dfd58d039c0e4c6d1a26ec4ca02d89"},
    {file = "PyAudio-0.2.12-cp37-cp37m-win32.whl", hash = "sha256:d89f065adc0058df90ec59aa6b35c1c036f17bb4323fb68b4267c12924e9553e"},
    {file = "PyAudio-0.2.12-cp37-cp37m-win_amd64.whl", hash = "sha256:2f4206c6a8d2eeb2d1f054c69e3741c8634cfafe7887be4950a2f7d273700f8a"},
    {file = "PyAudio-0.2.12-cp38-cp38-win32.whl", hash = "sha256:0f9debc6e47b6a5a4fe9da9d213d4bfe5e8096e68f0612f1b9097e3253eeea4d"},
    {file = "PyAudio-0.2.12-cp38-cp38-win_amd64.whl", hash = "sha256:1c29930cf2e392d8b21a4c6253efe39d7400e37d61a7991756d3b00a46bf18ce"},
    {file = "PyAudio-0.2.12-cp39-cp39-win32.whl", hash = "sha256:dafe891903402694a0fc87663bdb9b89e7fa66872446c5ef0c9d71ac4780cf1d"},
    {file = "PyAudio-0.2.12-cp39-cp39-win_amd64.whl", hash = "sha256:880aff391a73ff5e94bae73e32d3b8e27e988a93afec2dd9c74dcd92c305f8cc"},
    {file = "PyAudio-0.2.12.tar.gz", hash = "sha256:55ddf5db72bc537bba5f5dbca3ab9f0222ee5b842bda83978eab0b7b8f60fb9e"},
]
Pygments = [
    {file = "Pygments-2.13.0-py3-none-any.whl", hash = "sha256:f643f331ab57ba3c9d89212ee4a2dabc6e94f117cf4eefde99a0574720d14c42"},
    {file = "Pygments-2.13.0.tar.gz", hash = "sha256:56a8508ae95f98e2b9bdf93a6be5ae3f7d8af858b43e02c5a2ff083726be40c1"},
]
rich = [
    {file = "rich-12.6.0-py3-none-any.whl", hash = "sha256:a4eb26484f2c82589bd9a17c73d32a010b1e29d89f1604cd9bf3a2097b81bb5e"},
    {file = "rich-12.6.0.tar.gz", hash = "sha256:ba3a3775974105c221d31141f2c116f4fd65c5ceb0698657a11e9f295ec93fd0"},
]
textual = [
    {file = "textual-0.5.0-py3-none-any.whl", hash = "sha256:d1925f9f019858beaabda8a87cb87fb57cbbf321e948fc3b28d7085e83c8f5ab"},
    {file = "textual-0.5.0.tar.gz", hash = "sha256:516bf4db05830e70f9806828610a1a00de08068d984d329dbecc8dbef5d71ab7"},
]
typing-extensions = [
    {file = "typing_extensions-4.4.0-py3-none-any.whl", hash = "sha256:16fa4864408f655d35ec496218b85f79b3437c829e93320c7c9215ccfd92489e"},
    {file = "typing_extensions-4.4.0.tar.gz", hash = "sha256:1511434bb92bf8dd198c12b1cc812e800d4181cfcb867674e0f8279cc93087aa"},
]
zipp = [
    {file = "zipp-3.11.0-py3-none-any.whl", hash = "sha256:83a28fcb75844b5c0cdaf5aa4003c2d728c77e05f5aeabe8e95e56727005fbaa"},
    {file = "zipp-3.11.0.tar.gz", hash = "sha256:a7a22e05929290a67401440b39690ae6563279bced5f314609d9d03798f56766"},
]
